<Solution>
  <Folder Name="/Solution Items/">
    <File Path="../.gitignore" />
    <File Path="../README.md" />
    <File Path="../Results/resultA.png" />
  </Folder>
  <Project Path="PokerDice.UI/PokerDice.UI.csproj" Id="8eb168dc-4a61-459a-9ae9-c0966bf4352e" />
  <Project Path="PokerDice/PokerDiceEngine.csproj" />
  <Project Path="UTs.Executor/UTs.Executor.csproj" />
</Solution>
